
Microsoft Visual Studio Solution File, Format Version 12.00
# Visual Studio Version 17
VisualStudioVersion = 17.0.31611.283
MinimumVisualStudioVersion = 10.0.40219.1
Project("{9A19103F-16F7-4668-BE54-9A1E7A4F7556}") = "HeroFormationOnMaui", "src\HeroFormationOnMaui\HeroFormationOnMaui.csproj", "{507662C2-DD35-42A3-9B24-15B096A3308B}"
EndProject
Project("{2150E333-8FDC-42A3-9474-1A3956D46DE8}") = "src", "src", "{712838F2-F5B6-4A39-9C16-7E08BC3AFF0C}"
EndProject
Project("{2150E333-8FDC-42A3-9474-1A3956D46DE8}") = "tests", "tests", "{81CBD7F7-60C3-4773-8C8E-D03B854DFD6B}"
EndProject
Project("{FAE04EC0-301F-11D3-BF4B-00C04F79EFBC}") = "HeroFormation.UnitTests", "tests\HeroFormation.UnitTests\HeroFormation.UnitTests.csproj", "{AA4C65FD-38A2-4859-A6BE-0C4EA5FD738C}"
EndProject
Global
	GlobalSection(SolutionConfigurationPlatforms) = preSolution
		Debug|Any CPU = Debug|Any CPU
		Release|Any CPU = Release|Any CPU
	EndGlobalSection
	GlobalSection(ProjectConfigurationPlatforms) = postSolution
		{507662C2-DD35-42A3-9B24-15B096A3308B}.Debug|Any CPU.ActiveCfg = Debug|Any CPU
		{507662C2-DD35-42A3-9B24-15B096A3308B}.Debug|Any CPU.Build.0 = Debug|Any CPU
		{507662C2-DD35-42A3-9B24-15B096A3308B}.Debug|Any CPU.Deploy.0 = Debug|Any CPU
		{507662C2-DD35-42A3-9B24-15B096A3308B}.Release|Any CPU.ActiveCfg = Release|Any CPU
		{507662C2-DD35-42A3-9B24-15B096A3308B}.Release|Any CPU.Build.0 = Release|Any CPU
		{507662C2-DD35-42A3-9B24-15B096A3308B}.Release|Any CPU.Deploy.0 = Release|Any CPU
		{AA4C65FD-38A2-4859-A6BE-0C4EA5FD738C}.Debug|Any CPU.ActiveCfg = Debug|Any CPU
		{AA4C65FD-38A2-4859-A6BE-0C4EA5FD738C}.Debug|Any CPU.Build.0 = Debug|Any CPU
		{AA4C65FD-38A2-4859-A6BE-0C4EA5FD738C}.Release|Any CPU.ActiveCfg = Release|Any CPU
		{AA4C65FD-38A2-4859-A6BE-0C4EA5FD738C}.Release|Any CPU.Build.0 = Release|Any CPU
	EndGlobalSection
	GlobalSection(SolutionProperties) = preSolution
		HideSolutionNode = FALSE
	EndGlobalSection
	GlobalSection(NestedProjects) = preSolution
		{507662C2-DD35-42A3-9B24-15B096A3308B} = {712838F2-F5B6-4A39-9C16-7E08BC3AFF0C}
		{AA4C65FD-38A2-4859-A6BE-0C4EA5FD738C} = {81CBD7F7-60C3-4773-8C8E-D03B854DFD6B}
	EndGlobalSection
	GlobalSection(ExtensibilityGlobals) = postSolution
		SolutionGuid = {61F7FB11-1E47-470C-91E2-47F8143E1572}
	EndGlobalSection
EndGlobal
