
Microsoft Visual Studio Solution File, Format Version 12.00
# Visual Studio Version 17
VisualStudioVersion = 17.0.31611.283
MinimumVisualStudioVersion = 10.0.40219.1
Project("{9A19103F-16F7-4668-BE54-9A1E7A4F7556}") = "HeroFormationOnMaui", "src\HeroFormationOnMaui\HeroFormationOnMaui.csproj", "{507662C2-DD35-42A3-9B24-15B096A3308B}"
EndProject
Project("{2150E333-8FDC-42A3-9474-1A3956D46DE8}") = "src", "src", "{712838F2-F5B6-4A39-9C16-7E08BC3AFF0C}"
EndProject
Project("{2150E333-8FDC-42A3-9474-1A3956D46DE8}") = "tests", "tests", "{81CBD7F7-60C3-4773-8C8E-D03B854DFD6B}"
EndProject
Project("{9A19103F-16F7-4668-BE54-9A1E7A4F7556}") = "HeroFormation.UnitTests", "tests\HeroFormation.UnitTests\HeroFormation.UnitTests.csproj", "{AA4C65FD-38A2-4859-A6BE-0C4EA5FD738C}"
EndProject
Project("{2150E333-8FDC-42A3-9474-1A3956D46DE8}") = "API", "API", "{15119C1D-68B8-4B86-A545-4A1AAEEB9836}"
EndProject
Project("{2150E333-8FDC-42A3-9474-1A3956D46DE8}") = "Core", "Core", "{B83701CC-5BE4-4332-8CCE-30C3E6CABAE4}"
EndProject
Project("{2150E333-8FDC-42A3-9474-1A3956D46DE8}") = "Infrastructure", "Infrastructure", "{F5465A84-3CFF-4293-AFAA-9ABF76E0BF7C}"
EndProject
Project("{2150E333-8FDC-42A3-9474-1A3956D46DE8}") = "UIs", "UIs", "{4C96A187-CB1E-4FBB-9E4B-766371548391}"
EndProject
Project("{2150E333-8FDC-42A3-9474-1A3956D46DE8}") = "MAUI", "MAUI", "{8ED7D7E4-8418-413F-A251-D3769761E678}"
EndProject
Project("{2150E333-8FDC-42A3-9474-1A3956D46DE8}") = "WebAdmin", "WebAdmin", "{0B7C8D54-992A-4CBF-A992-3CE689016C83}"
EndProject
Project("{FAE04EC0-301F-11D3-BF4B-00C04F79EFBC}") = "HeroFormation.Domain", "src\Core\HeroFormation.Domain\HeroFormation.Domain.csproj", "{CCBBB017-AF70-4269-9865-150A41E37312}"
EndProject
Project("{FAE04EC0-301F-11D3-BF4B-00C04F79EFBC}") = "HeroFormation.Application", "src\Core\HeroFormation.Application\HeroFormation.Application.csproj", "{D8EF55E2-7DB4-4267-B733-2982DB06100C}"
EndProject
Global
	GlobalSection(SolutionConfigurationPlatforms) = preSolution
		Debug|Any CPU = Debug|Any CPU
		Release|Any CPU = Release|Any CPU
	EndGlobalSection
	GlobalSection(ProjectConfigurationPlatforms) = postSolution
		{507662C2-DD35-42A3-9B24-15B096A3308B}.Debug|Any CPU.ActiveCfg = Debug|Any CPU
		{507662C2-DD35-42A3-9B24-15B096A3308B}.Debug|Any CPU.Build.0 = Debug|Any CPU
		{507662C2-DD35-42A3-9B24-15B096A3308B}.Debug|Any CPU.Deploy.0 = Debug|Any CPU
		{507662C2-DD35-42A3-9B24-15B096A3308B}.Release|Any CPU.ActiveCfg = Release|Any CPU
		{507662C2-DD35-42A3-9B24-15B096A3308B}.Release|Any CPU.Build.0 = Release|Any CPU
		{507662C2-DD35-42A3-9B24-15B096A3308B}.Release|Any CPU.Deploy.0 = Release|Any CPU
		{AA4C65FD-38A2-4859-A6BE-0C4EA5FD738C}.Debug|Any CPU.ActiveCfg = Debug|Any CPU
		{AA4C65FD-38A2-4859-A6BE-0C4EA5FD738C}.Debug|Any CPU.Build.0 = Debug|Any CPU
		{AA4C65FD-38A2-4859-A6BE-0C4EA5FD738C}.Release|Any CPU.ActiveCfg = Release|Any CPU
		{AA4C65FD-38A2-4859-A6BE-0C4EA5FD738C}.Release|Any CPU.Build.0 = Release|Any CPU
		{CCBBB017-AF70-4269-9865-150A41E37312}.Debug|Any CPU.ActiveCfg = Debug|Any CPU
		{CCBBB017-AF70-4269-9865-150A41E37312}.Debug|Any CPU.Build.0 = Debug|Any CPU
		{CCBBB017-AF70-4269-9865-150A41E37312}.Release|Any CPU.ActiveCfg = Release|Any CPU
		{CCBBB017-AF70-4269-9865-150A41E37312}.Release|Any CPU.Build.0 = Release|Any CPU
		{D8EF55E2-7DB4-4267-B733-2982DB06100C}.Debug|Any CPU.ActiveCfg = Debug|Any CPU
		{D8EF55E2-7DB4-4267-B733-2982DB06100C}.Debug|Any CPU.Build.0 = Debug|Any CPU
		{D8EF55E2-7DB4-4267-B733-2982DB06100C}.Release|Any CPU.ActiveCfg = Release|Any CPU
		{D8EF55E2-7DB4-4267-B733-2982DB06100C}.Release|Any CPU.Build.0 = Release|Any CPU
	EndGlobalSection
	GlobalSection(SolutionProperties) = preSolution
		HideSolutionNode = FALSE
	EndGlobalSection
	GlobalSection(NestedProjects) = preSolution
		{507662C2-DD35-42A3-9B24-15B096A3308B} = {8ED7D7E4-8418-413F-A251-D3769761E678}
		{AA4C65FD-38A2-4859-A6BE-0C4EA5FD738C} = {81CBD7F7-60C3-4773-8C8E-D03B854DFD6B}
		{15119C1D-68B8-4B86-A545-4A1AAEEB9836} = {712838F2-F5B6-4A39-9C16-7E08BC3AFF0C}
		{B83701CC-5BE4-4332-8CCE-30C3E6CABAE4} = {712838F2-F5B6-4A39-9C16-7E08BC3AFF0C}
		{F5465A84-3CFF-4293-AFAA-9ABF76E0BF7C} = {712838F2-F5B6-4A39-9C16-7E08BC3AFF0C}
		{4C96A187-CB1E-4FBB-9E4B-766371548391} = {712838F2-F5B6-4A39-9C16-7E08BC3AFF0C}
		{8ED7D7E4-8418-413F-A251-D3769761E678} = {4C96A187-CB1E-4FBB-9E4B-766371548391}
		{0B7C8D54-992A-4CBF-A992-3CE689016C83} = {4C96A187-CB1E-4FBB-9E4B-766371548391}
		{CCBBB017-AF70-4269-9865-150A41E37312} = {B83701CC-5BE4-4332-8CCE-30C3E6CABAE4}
		{D8EF55E2-7DB4-4267-B733-2982DB06100C} = {B83701CC-5BE4-4332-8CCE-30C3E6CABAE4}
	EndGlobalSection
	GlobalSection(ExtensibilityGlobals) = postSolution
		SolutionGuid = {61F7FB11-1E47-470C-91E2-47F8143E1572}
	EndGlobalSection
EndGlobal
